# This file is automatically @generated by Poetry 1.7.1 and should not be changed by hand.

[[package]]
name = "attrs"
version = "23.2.0"
description = "Classes Without Boilerplate"
optional = false
python-versions = ">=3.7"
files = [
    {file = "attrs-23.2.0-py3-none-any.whl", hash = "sha256:99b87a485a5820b23b879f04c2305b44b951b502fd64be915879d77a7e8fc6f1"},
    {file = "attrs-23.2.0.tar.gz", hash = "sha256:935dc3b529c262f6cf76e50877d35a4bd3c1de194fd41f47a2b7ae8f19971f30"},
]

[package.extras]
cov = ["attrs[tests]", "coverage[toml] (>=5.3)"]
dev = ["attrs[tests]", "pre-commit"]
docs = ["furo", "myst-parser", "sphinx", "sphinx-notfound-page", "sphinxcontrib-towncrier", "towncrier", "zope-interface"]
tests = ["attrs[tests-no-zope]", "zope-interface"]
tests-mypy = ["mypy (>=1.6)", "pytest-mypy-plugins"]
tests-no-zope = ["attrs[tests-mypy]", "cloudpickle", "hypothesis", "pympler", "pytest (>=4.3.0)", "pytest-xdist[psutil]"]

[[package]]
name = "cattrs"
version = "23.2.3"
description = "Composable complex class support for attrs and dataclasses."
optional = false
python-versions = ">=3.8"
files = [
    {file = "cattrs-23.2.3-py3-none-any.whl", hash = "sha256:0341994d94971052e9ee70662542699a3162ea1e0c62f7ce1b4a57f563685108"},
    {file = "cattrs-23.2.3.tar.gz", hash = "sha256:a934090d95abaa9e911dac357e3a8699e0b4b14f8529bcc7d2b1ad9d51672b9f"},
]

[package.dependencies]
attrs = ">=23.1.0"
exceptiongroup = {version = ">=1.1.1", markers = "python_version < \"3.11\""}
typing-extensions = {version = ">=4.1.0,<4.6.3 || >4.6.3", markers = "python_version < \"3.11\""}

[package.extras]
bson = ["pymongo (>=4.4.0)"]
cbor2 = ["cbor2 (>=5.4.6)"]
msgpack = ["msgpack (>=1.0.5)"]
orjson = ["orjson (>=3.9.2)"]
pyyaml = ["pyyaml (>=6.0)"]
tomlkit = ["tomlkit (>=0.11.8)"]
ujson = ["ujson (>=5.7.0)"]

[[package]]
name = "colorama"
version = "0.4.6"
description = "Cross-platform colored terminal text."
optional = false
python-versions = "!=3.0.*,!=3.1.*,!=3.2.*,!=3.3.*,!=3.4.*,!=3.5.*,!=3.6.*,>=2.7"
files = [
    {file = "colorama-0.4.6-py2.py3-none-any.whl", hash = "sha256:4f1d9991f5acc0ca119f9d443620b77f9d6b33703e51011c16baf57afb285fc6"},
    {file = "colorama-0.4.6.tar.gz", hash = "sha256:08695f5cb7ed6e0531a20572697297273c47b8cae5a63ffc6d6ed5c201be6e44"},
]

[[package]]
name = "exceptiongroup"
version = "1.2.0"
description = "Backport of PEP 654 (exception groups)"
optional = false
python-versions = ">=3.7"
files = [
    {file = "exceptiongroup-1.2.0-py3-none-any.whl", hash = "sha256:4bfd3996ac73b41e9b9628b04e079f193850720ea5945fc96a08633c66912f14"},
    {file = "exceptiongroup-1.2.0.tar.gz", hash = "sha256:91f5c769735f051a4290d52edd0858999b57e5876e9f85937691bd4c9fa3ed68"},
]

[package.extras]
test = ["pytest (>=6)"]

[[package]]
name = "iniconfig"
version = "2.0.0"
description = "brain-dead simple config-ini parsing"
optional = false
python-versions = ">=3.7"
files = [
    {file = "iniconfig-2.0.0-py3-none-any.whl", hash = "sha256:b6a85871a79d2e3b22d2d1b94ac2824226a63c6b741c88f7ae975f18b6778374"},
    {file = "iniconfig-2.0.0.tar.gz", hash = "sha256:2d91e135bf72d31a410b17c16da610a82cb55f6b0477d1a902134b24a455b8b3"},
]

[[package]]
name = "lsprotocol"
version = "2023.0.0"
description = "Python implementation of the Language Server Protocol."
optional = false
python-versions = ">=3.7"
files = [
    {file = "lsprotocol-2023.0.0-py3-none-any.whl", hash = "sha256:e85fc87ee26c816adca9eb497bb3db1a7c79c477a11563626e712eaccf926a05"},
    {file = "lsprotocol-2023.0.0.tar.gz", hash = "sha256:c9d92e12a3f4ed9317d3068226592860aab5357d93cf5b2451dc244eee8f35f2"},
]

[package.dependencies]
attrs = ">=21.3.0"
cattrs = "*"

[[package]]
name = "packaging"
version = "23.2"
description = "Core utilities for Python packages"
optional = false
python-versions = ">=3.7"
files = [
    {file = "packaging-23.2-py3-none-any.whl", hash = "sha256:8c491190033a9af7e1d931d0b5dacc2ef47509b34dd0de67ed209b5203fc88c7"},
    {file = "packaging-23.2.tar.gz", hash = "sha256:048fb0e9405036518eaaf48a55953c750c11e1a1b68e0dd1a9d62ed0c092cfc5"},
]

[[package]]
name = "picologging"
version = "0.9.3"
description = "A fast and lightweight logging library for Python"
optional = false
python-versions = ">=3.7"
files = [
    {file = "picologging-0.9.3-cp310-cp310-macosx_10_15_universal2.whl", hash = "sha256:3d3219765be2430c4e434ff66a90147bd29db56cd24be00c5999d9827b08d479"},
    {file = "picologging-0.9.3-cp310-cp310-macosx_10_15_x86_64.whl", hash = "sha256:1c4755c06c37b53e70ebdc9cd2b39c835221a12c5ef149cfaad9b6073b41ee89"},
    {file = "picologging-0.9.3-cp310-cp310-manylinux_2_17_aarch64.manylinux2014_aarch64.whl", hash = "sha256:b582222a768f2bc28ca4a34aa41a008c6aa3430cf1f128b2440e93f691d0d714"},
    {file = "picologging-0.9.3-cp310-cp310-manylinux_2_17_i686.manylinux2014_i686.whl", hash = "sha256:f833de82e5fd9a981f64ebfadc3f4d12fe75ef31897e796ba04f6e28455e42c9"},
    {file = "picologging-0.9.3-cp310-cp310-manylinux_2_17_x86_64.manylinux2014_x86_64.whl", hash = "sha256:b21e46794ef29fda0033a2bcfc38ec7a5fea78a6353a5f74f7a6374c0c0d3d15"},
    {file = "picologging-0.9.3-cp310-cp310-win32.whl", hash = "sha256:3ef12744c17fb670e5028315019589fe21527d1546463ef9baf9a454dcd3d7c4"},
    {file = "picologging-0.9.3-cp310-cp310-win_amd64.whl", hash = "sha256:09f27425175ae23cca0fb49bb55622073589cb57f73bdd2c7f72f4cf05419c3e"},
    {file = "picologging-0.9.3-cp311-cp311-macosx_10_15_universal2.whl", hash = "sha256:fbd88e3dde71d72ac72dfe6a23a52e13fcdf2c9cf033e13a8f2718746fed942b"},
    {file = "picologging-0.9.3-cp311-cp311-macosx_10_15_x86_64.whl", hash = "sha256:542628ccdc7a1eb321e5a7533803577a943c7d84e62456b681037f7bbc8abe26"},
    {file = "picologging-0.9.3-cp311-cp311-manylinux_2_17_aarch64.manylinux2014_aarch64.whl", hash = "sha256:78ed29eea9f28d28edb39fa81b448fd27bdf510d4e4c79fe64e08742c782a965"},
    {file = "picologging-0.9.3-cp311-cp311-manylinux_2_17_i686.manylinux2014_i686.whl", hash = "sha256:6a38eb07ef48218712ce9f860b4a27e5086a89a89af7c5bcc1eaed6fb1e3eafd"},
    {file = "picologging-0.9.3-cp311-cp311-manylinux_2_17_x86_64.manylinux2014_x86_64.whl", hash = "sha256:3495969c6a8e1e2fa8d2bc89b8478bce10716bb6617f50822667909e79478cb4"},
    {file = "picologging-0.9.3-cp311-cp311-win32.whl", hash = "sha256:c97f0ab43ee32924b33cadd176c5bfe404e85e2bc6ae5e4c713c6d4cb4c7e6f3"},
    {file = "picologging-0.9.3-cp311-cp311-win_amd64.whl", hash = "sha256:f8d448e063b8a2cbe3c76d2d7ca2beb523779a31a8b14ee0a452ec1247ce56b8"},
    {file = "picologging-0.9.3-cp312-cp312-macosx_10_15_universal2.whl", hash = "sha256:70e6957df044af10ff35d293b8ebad3f04bbfa99f88bcf4fd2a8248d1cd46320"},
    {file = "picologging-0.9.3-cp312-cp312-macosx_10_15_x86_64.whl", hash = "sha256:32d18fb7c089afe9c2a8cb1493021417c872f807d74f3fd6da85e43226664ccd"},
    {file = "picologging-0.9.3-cp312-cp312-manylinux_2_17_aarch64.manylinux2014_aarch64.whl", hash = "sha256:025a6262280374413142648cf5be7944136c54a5cc84b0ff5b2416928d7aec96"},
    {file = "picologging-0.9.3-cp312-cp312-manylinux_2_17_i686.manylinux2014_i686.whl", hash = "sha256:feaf33a2fd8a9431f3f4de9693569952ebce6e4c92cabe642327130a1d378b6c"},
    {file = "picologging-0.9.3-cp312-cp312-manylinux_2_17_x86_64.manylinux2014_x86_64.whl", hash = "sha256:06d315458ff92a2df6ce07540b390212d179e3ef2d08b48c356df72be8d0ce2d"},
    {file = "picologging-0.9.3-cp312-cp312-win32.whl", hash = "sha256:502a17cbf7303499e1edcb01b3503caeac204aa5d5f888d4b5ecdb113f0c25ee"},
    {file = "picologging-0.9.3-cp312-cp312-win_amd64.whl", hash = "sha256:16f111cdf7a210eb07bd06932c9a8ff06dc830e213c8a0efbb769e586d1f3efb"},
    {file = "picologging-0.9.3-cp37-cp37m-macosx_10_15_x86_64.whl", hash = "sha256:8fee4f2cec14bc9f2da3e77617ab5afeb3cbb1e8a9918445437d0e406abcb152"},
    {file = "picologging-0.9.3-cp37-cp37m-manylinux_2_17_aarch64.manylinux2014_aarch64.whl", hash = "sha256:26c7371919d33b18075b395cec454a6577a0a9171b5954735fecfb4d8216d45d"},
    {file = "picologging-0.9.3-cp37-cp37m-manylinux_2_17_i686.manylinux2014_i686.whl", hash = "sha256:40f0999feeb1613719bce3b3ba80ea87e1862c49b60d418d670c14788f47cabe"},
    {file = "picologging-0.9.3-cp37-cp37m-manylinux_2_17_x86_64.manylinux2014_x86_64.whl", hash = "sha256:2ea40c7b85294c5117bdf0e1f5057f53567ca725bd9a32cbca935ddd4ce59dda"},
    {file = "picologging-0.9.3-cp37-cp37m-win32.whl", hash = "sha256:d76b7cabc9170a880180756e3b4889f3b94ff5e877ccd3a104affb543310da97"},
    {file = "picologging-0.9.3-cp37-cp37m-win_amd64.whl", hash = "sha256:cb3c8232421db80d30d2fba149cb5feca1e5aa8fbc8d0301e9cb58e43c5a4add"},
    {file = "picologging-0.9.3-cp38-cp38-macosx_10_15_universal2.whl", hash = "sha256:6672feda1d95e81694b447c27ce51d0beec86f779ed6803e2b4a522086ac7765"},
    {file = "picologging-0.9.3-cp38-cp38-macosx_10_15_x86_64.whl", hash = "sha256:94f71cf9a868047db5414f8358c7df51f3c1913a8f1e892f79ad334e63c85860"},
    {file = "picologging-0.9.3-cp38-cp38-manylinux_2_17_aarch64.manylinux2014_aarch64.whl", hash = "sha256:936a23a8b98fac51a0bfc3ec23dd2c156fc6b8839a522287ca295f59a5c6dfef"},
    {file = "picologging-0.9.3-cp38-cp38-manylinux_2_17_i686.manylinux2014_i686.whl", hash = "sha256:ce7aad1ccc61d65bafcfda7429d902bce53a706cd8b1ade48a4eb80900f0654e"},
    {file = "picologging-0.9.3-cp38-cp38-manylinux_2_17_x86_64.manylinux2014_x86_64.whl", hash = "sha256:251d69cf4f9d8e7f9cfb113a58d37d493555ee6380af5e4e11599c4f4b60f735"},
    {file = "picologging-0.9.3-cp38-cp38-win32.whl", hash = "sha256:f66744aa21d4741ba5e6ecc21babaa3b2cb4dc6e944a02cd5d428ebf24992751"},
    {file = "picologging-0.9.3-cp38-cp38-win_amd64.whl", hash = "sha256:ccc190c6eb8e75fd6ce3e7a34f923731ad5a8c58e26e5a83cbc922174cc79e3b"},
    {file = "picologging-0.9.3-cp39-cp39-macosx_10_15_universal2.whl", hash = "sha256:b4c7f4bf9a5fa291e0f8f8b669f6ea35943ccf2a962903472591ae377de58825"},
    {file = "picologging-0.9.3-cp39-cp39-macosx_10_15_x86_64.whl", hash = "sha256:ea5663f5907910405edf75d438c05b24b66fd23cb997d7d28dfaabdea9b78211"},
    {file = "picologging-0.9.3-cp39-cp39-manylinux_2_17_aarch64.manylinux2014_aarch64.whl", hash = "sha256:a629db4cbbb96e66d01d34c93d197c04cb71838830c6652033ee8d2ebe76d01f"},
    {file = "picologging-0.9.3-cp39-cp39-manylinux_2_17_i686.manylinux2014_i686.whl", hash = "sha256:759f21dda1bf9ee52c7fa91c1faf47aa3585f4f604d5d38de02f3bcd32d7369f"},
    {file = "picologging-0.9.3-cp39-cp39-manylinux_2_17_x86_64.manylinux2014_x86_64.whl", hash = "sha256:3d4bb95e708ad973217cc2cbb6e058f777ae2539a5cf131824c66fd701adfe71"},
    {file = "picologging-0.9.3-cp39-cp39-win32.whl", hash = "sha256:35e11311c71678813112e03649fa8dacad2f4ee5c3a424e515876df96c66b89b"},
    {file = "picologging-0.9.3-cp39-cp39-win_amd64.whl", hash = "sha256:e1ab2768f4c178df653bd6cc94ca31d9b94c6d4a90012598a185e80ea66f1a8f"},
    {file = "picologging-0.9.3.tar.gz", hash = "sha256:6921f86ea0875ac85e252188627e9f04b872895327a7028e06c825ddb888a825"},
]

[package.extras]
dev = ["black", "flaky", "hypothesis", "pre-commit", "pytest", "pytest-cov", "pytest-memray (>=1.5.0)", "rich"]

[[package]]
name = "pluggy"
version = "1.3.0"
description = "plugin and hook calling mechanisms for python"
optional = false
python-versions = ">=3.8"
files = [
    {file = "pluggy-1.3.0-py3-none-any.whl", hash = "sha256:d89c696a773f8bd377d18e5ecda92b7a3793cbe66c87060a6fb58c7b6e1061f7"},
    {file = "pluggy-1.3.0.tar.gz", hash = "sha256:cf61ae8f126ac6f7c451172cf30e3e43d3ca77615509771b3a984a0730651e12"},
]

[package.extras]
dev = ["pre-commit", "tox"]
testing = ["pytest", "pytest-benchmark"]

[[package]]
name = "pygls"
version = "1.2.1"
description = "A pythonic generic language server (pronounced like 'pie glass')"
optional = false
python-versions = ">=3.7.9,<4"
files = [
    {file = "pygls-1.2.1-py3-none-any.whl", hash = "sha256:7dcfcf12b6f15beb606afa46de2ed348b65a279c340ef2242a9a35c22eeafe94"},
    {file = "pygls-1.2.1.tar.gz", hash = "sha256:04f9b9c115b622dcc346fb390289066565343d60245a424eca77cb429b911ed8"},
]

[package.dependencies]
lsprotocol = "2023.0.0"

[package.extras]
ws = ["websockets (>=11.0.3,<12.0.0)"]

[[package]]
name = "pytest"
version = "7.4.4"
description = "pytest: simple powerful testing with Python"
optional = false
python-versions = ">=3.7"
files = [
    {file = "pytest-7.4.4-py3-none-any.whl", hash = "sha256:b090cdf5ed60bf4c45261be03239c2c1c22df034fbffe691abe93cd80cea01d8"},
    {file = "pytest-7.4.4.tar.gz", hash = "sha256:2cf0005922c6ace4a3e2ec8b4080eb0d9753fdc93107415332f50ce9e7994280"},
]

[package.dependencies]
colorama = {version = "*", markers = "sys_platform == \"win32\""}
exceptiongroup = {version = ">=1.0.0rc8", markers = "python_version < \"3.11\""}
iniconfig = "*"
packaging = "*"
pluggy = ">=0.12,<2.0"
tomli = {version = ">=1.0.0", markers = "python_version < \"3.11\""}

[package.extras]
testing = ["argcomplete", "attrs (>=19.2.0)", "hypothesis (>=3.56)", "mock", "nose", "pygments (>=2.7.2)", "requests", "setuptools", "xmlschema"]

[[package]]
name = "pytest-asyncio"
version = "0.21.1"
description = "Pytest support for asyncio"
optional = false
python-versions = ">=3.7"
files = [
    {file = "pytest-asyncio-0.21.1.tar.gz", hash = "sha256:40a7eae6dded22c7b604986855ea48400ab15b069ae38116e8c01238e9eeb64d"},
    {file = "pytest_asyncio-0.21.1-py3-none-any.whl", hash = "sha256:8666c1c8ac02631d7c51ba282e0c69a8a452b211ffedf2599099845da5c5c37b"},
]

[package.dependencies]
pytest = ">=7.0.0"

[package.extras]
docs = ["sphinx (>=5.3)", "sphinx-rtd-theme (>=1.0)"]
testing = ["coverage (>=6.2)", "flaky (>=3.5.0)", "hypothesis (>=5.7.1)", "mypy (>=0.931)", "pytest-trio (>=0.7.0)"]

[[package]]
name = "ruff"
version = "0.1.9"
description = "An extremely fast Python linter and code formatter, written in Rust."
optional = false
python-versions = ">=3.7"
files = [
    {file = "ruff-0.1.9-py3-none-macosx_10_12_x86_64.macosx_11_0_arm64.macosx_10_12_universal2.whl", hash = "sha256:e6a212f436122ac73df851f0cf006e0c6612fe6f9c864ed17ebefce0eff6a5fd"},
    {file = "ruff-0.1.9-py3-none-macosx_10_12_x86_64.whl", hash = "sha256:28d920e319783d5303333630dae46ecc80b7ba294aeffedf946a02ac0b7cc3db"},
    {file = "ruff-0.1.9-py3-none-manylinux_2_17_aarch64.manylinux2014_aarch64.whl", hash = "sha256:104aa9b5e12cb755d9dce698ab1b97726b83012487af415a4512fedd38b1459e"},
    {file = "ruff-0.1.9-py3-none-manylinux_2_17_armv7l.manylinux2014_armv7l.whl", hash = "sha256:1e63bf5a4a91971082a4768a0aba9383c12392d0d6f1e2be2248c1f9054a20da"},
    {file = "ruff-0.1.9-py3-none-manylinux_2_17_i686.manylinux2014_i686.whl", hash = "sha256:4d0738917c203246f3e275b37006faa3aa96c828b284ebfe3e99a8cb413c8c4b"},
    {file = "ruff-0.1.9-py3-none-manylinux_2_17_ppc64.manylinux2014_ppc64.whl", hash = "sha256:69dac82d63a50df2ab0906d97a01549f814b16bc806deeac4f064ff95c47ddf5"},
    {file = "ruff-0.1.9-py3-none-manylinux_2_17_ppc64le.manylinux2014_ppc64le.whl", hash = "sha256:2aec598fb65084e41a9c5d4b95726173768a62055aafb07b4eff976bac72a592"},
    {file = "ruff-0.1.9-py3-none-manylinux_2_17_s390x.manylinux2014_s390x.whl", hash = "sha256:744dfe4b35470fa3820d5fe45758aace6269c578f7ddc43d447868cfe5078bcb"},
    {file = "ruff-0.1.9-py3-none-manylinux_2_17_x86_64.manylinux2014_x86_64.whl", hash = "sha256:479ca4250cab30f9218b2e563adc362bd6ae6343df7c7b5a7865300a5156d5a6"},
    {file = "ruff-0.1.9-py3-none-musllinux_1_2_aarch64.whl", hash = "sha256:aa8344310f1ae79af9ccd6e4b32749e93cddc078f9b5ccd0e45bd76a6d2e8bb6"},
    {file = "ruff-0.1.9-py3-none-musllinux_1_2_armv7l.whl", hash = "sha256:837c739729394df98f342319f5136f33c65286b28b6b70a87c28f59354ec939b"},
    {file = "ruff-0.1.9-py3-none-musllinux_1_2_i686.whl", hash = "sha256:e6837202c2859b9f22e43cb01992373c2dbfeae5c0c91ad691a4a2e725392464"},
    {file = "ruff-0.1.9-py3-none-musllinux_1_2_x86_64.whl", hash = "sha256:331aae2cd4a0554667ac683243b151c74bd60e78fb08c3c2a4ac05ee1e606a39"},
    {file = "ruff-0.1.9-py3-none-win32.whl", hash = "sha256:8151425a60878e66f23ad47da39265fc2fad42aed06fb0a01130e967a7a064f4"},
    {file = "ruff-0.1.9-py3-none-win_amd64.whl", hash = "sha256:c497d769164df522fdaf54c6eba93f397342fe4ca2123a2e014a5b8fc7df81c7"},
    {file = "ruff-0.1.9-py3-none-win_arm64.whl", hash = "sha256:0e17f53bcbb4fff8292dfd84cf72d767b5e146f009cccd40c2fad27641f8a7a9"},
    {file = "ruff-0.1.9.tar.gz", hash = "sha256:b041dee2734719ddbb4518f762c982f2e912e7f28b8ee4fe1dee0b15d1b6e800"},
]

[[package]]
name = "ruff-lsp"
version = "0.0.47"
description = "A Language Server Protocol implementation for Ruff."
optional = false
python-versions = ">=3.7"
files = [
    {file = "ruff_lsp-0.0.47-py3-none-any.whl", hash = "sha256:ff535835411a93fe2e7c97eb094ce376681fc28e44ec6451cd0542d8c152faa4"},
    {file = "ruff_lsp-0.0.47.tar.gz", hash = "sha256:039989961d54ffa0d0702317de5022c5f68102fb8298d7e78050edbc63f14c84"},
]

[package.dependencies]
lsprotocol = ">=2023.0.0a1"
packaging = ">=23.1"
pygls = ">=1.1.0"
ruff = ">=0.0.274"
typing-extensions = "*"

[package.extras]
dev = ["mypy (==1.4.1)", "pip-tools (>=6.13.0,<7.0.0)", "pytest (>=7.3.1,<8.0.0)", "pytest-asyncio (==0.21.1)", "python-lsp-jsonrpc (==1.0.0)"]

[[package]]
name = "tomli"
version = "2.0.1"
description = "A lil' TOML parser"
optional = false
python-versions = ">=3.7"
files = [
    {file = "tomli-2.0.1-py3-none-any.whl", hash = "sha256:939de3e7a6161af0c887ef91b7d41a53e7c5a1ca976325f429cb46ea9bc30ecc"},
    {file = "tomli-2.0.1.tar.gz", hash = "sha256:de526c12914f0c550d15924c62d72abc48d6fe7364aa87328337a31007fe8a4f"},
]

[[package]]
name = "typing-extensions"
version = "4.9.0"
description = "Backported and Experimental Type Hints for Python 3.8+"
optional = false
python-versions = ">=3.8"
files = [
    {file = "typing_extensions-4.9.0-py3-none-any.whl", hash = "sha256:af72aea155e91adfc61c3ae9e0e342dbc0cba726d6cba4b6c72c1f34e47291cd"},
    {file = "typing_extensions-4.9.0.tar.gz", hash = "sha256:23478f88c37f27d76ac8aee6c905017a143b0b1b886c3c9f66bc2fd94f9f5783"},
]

[metadata]
lock-version = "2.0"
python-versions = "^3.10"
content-hash = "d4250f45df6a60d736a2aba576dd4ecce6d229916df1a39003e8e10ad66ef44a"
